
Microsoft Visual Studio Solution File, Format Version 12.00
# Visual Studio Version 16
VisualStudioVersion = 16.0.29424.173
MinimumVisualStudioVersion = 10.0.40219.1
Project("{9A19103F-16F7-4668-BE54-9A1E7A4F7556}") = "Project1", "Project1\Project1.csproj", "{0F5B575F-AD1A-48E5-A863-D5CB9753C9E1}"
EndProject
Project("{9A19103F-16F7-4668-BE54-9A1E7A4F7556}") = "Models", "Models\Models.csproj", "{D0320837-EF17-4A41-9CF9-2FF344A1EA03}"
EndProject
Global
	GlobalSection(SolutionConfigurationPlatforms) = preSolution
		Debug|Any CPU = Debug|Any CPU
		Release|Any CPU = Release|Any CPU
	EndGlobalSection
	GlobalSection(ProjectConfigurationPlatforms) = postSolution
		{0F5B575F-AD1A-48E5-A863-D5CB9753C9E1}.Debug|Any CPU.ActiveCfg = Debug|Any CPU
		{0F5B575F-AD1A-48E5-A863-D5CB9753C9E1}.Debug|Any CPU.Build.0 = Debug|Any CPU
		{0F5B575F-AD1A-48E5-A863-D5CB9753C9E1}.Release|Any CPU.ActiveCfg = Release|Any CPU
		{0F5B575F-AD1A-48E5-A863-D5CB9753C9E1}.Release|Any CPU.Build.0 = Release|Any CPU
		{D0320837-EF17-4A41-9CF9-2FF344A1EA03}.Debug|Any CPU.ActiveCfg = Debug|Any CPU
		{D0320837-EF17-4A41-9CF9-2FF344A1EA03}.Debug|Any CPU.Build.0 = Debug|Any CPU
		{D0320837-EF17-4A41-9CF9-2FF344A1EA03}.Release|Any CPU.ActiveCfg = Release|Any CPU
		{D0320837-EF17-4A41-9CF9-2FF344A1EA03}.Release|Any CPU.Build.0 = Release|Any CPU
	EndGlobalSection
	GlobalSection(SolutionProperties) = preSolution
		HideSolutionNode = FALSE
	EndGlobalSection
	GlobalSection(ExtensibilityGlobals) = postSolution
		SolutionGuid = {9056C675-A9E0-45F1-A4B7-506303D078AD}
	EndGlobalSection
EndGlobal
